# This file is autogenerated, do not edit; changes may be undone by the next 'dep ensure'.


[[projects]]
  branch = "master"
  name = "code.linksmart.eu/com/go-sec"
  packages = [
    "auth/keycloak/obtainer",
    "auth/obtainer"
  ]
  revision = "6e8d0334a281ca5740559365469c2f587c75cbcd"

[[projects]]
  name = "code.linksmart.eu/sc/service-catalog"
  packages = [
    "catalog",
    "client",
    "utils"
  ]
  revision = "7ed2671aee0061bbb9c3b8278f0f364a5c92c059"
  version = "v2.2.9"

[[projects]]
  name = "github.com/ancientlore/go-avltree"
  packages = ["."]
  revision = "b2eb526dd47ba854b70e5da6e62514c0688ff968"
  version = "v1.0.0"

[[projects]]
  name = "github.com/codegangsta/negroni"
  packages = ["."]
  revision = "5dbbc83f748fc3ad38585842b0aedab546d0ea1e"
  version = "v0.3.0"

[[projects]]
  name = "github.com/eclipse/paho.mqtt.golang"
  packages = [
    ".",
    "packets"
  ]
  revision = "36d01c2b4cbeb3d2a12063e4880ce30800af9560"
  version = "v1.1.1"

[[projects]]
  branch = "master"
  name = "github.com/farshidtz/elog"
  packages = ["."]
  revision = "122e062de95f1f03e80baa633e2e62e21bcc80c9"

[[projects]]
  branch = "master"
  name = "github.com/golang/snappy"
  packages = ["."]
  revision = "2e65f85255dbc3072edf28d6b5b8efc472979f5a"

[[projects]]
  name = "github.com/gorilla/context"
  packages = ["."]
  revision = "08b5f424b9271eedf6f9f0ce86cb9396ed337a42"
  version = "v1.1.1"

[[projects]]
  name = "github.com/gorilla/mux"
  packages = ["."]
  revision = "e3702bed27f0d39777b0b37b664b6280e8ef8fbf"
  version = "v1.6.2"

[[projects]]
  name = "github.com/satori/go.uuid"
  packages = ["."]
  revision = "f58768cc1a7a7e77a3bd49e98cdd21419399b6a3"
  version = "v1.2.0"

[[projects]]
  branch = "master"
  name = "github.com/syndtr/goleveldb"
  packages = [
    "leveldb",
    "leveldb/cache",
    "leveldb/comparer",
    "leveldb/errors",
    "leveldb/filter",
    "leveldb/iterator",
    "leveldb/journal",
    "leveldb/memdb",
    "leveldb/opt",
    "leveldb/storage",
    "leveldb/table",
    "leveldb/util"
  ]
  revision = "0d5a0ceb10cf9ab89fdd744cc8c50a83134f6697"

[[projects]]
  branch = "master"
  name = "golang.org/x/net"
  packages = [
    "internal/socks",
    "proxy",
    "websocket"
  ]
  revision = "db08ff08e8622530d9ed3a0e8ac279f6d4c02196"

[solve-meta]
  analyzer-name = "dep"
  analyzer-version = 1
  inputs-digest = "13ae2a1bf764b9d6c926c17c345e5dd2b41e782e7e9023359997f918a3748cad"
  solver-name = "gps-cdcl"
  solver-version = 1
