# This file is autogenerated, do not edit; changes may be undone by the next 'dep ensure'.


[[projects]]
  branch = "master"
  name = "code.linksmart.eu/com/go-sec"
  packages = ["auth/keycloak/obtainer","auth/obtainer"]
  revision = "6e8d0334a281ca5740559365469c2f587c75cbcd"

[[projects]]
  name = "code.linksmart.eu/sc/service-catalog"
  packages = ["catalog"]
  revision = "5e2028f11443672f2d763d71dd1b7cd778b07160"
  version = "0.1.0"

[solve-meta]
  analyzer-name = "dep"
  analyzer-version = 1
  inputs-digest = "a450e4a8e0652656229d30bfdcd925563af6046cc1ea1dc9590fa13f56df0703"
  solver-name = "gps-cdcl"
  solver-version = 1
